// !$*UTF8*$!
{
	archiveVersion = 1;
	classes = {
	};
	objectVersion = 56;
	objects = {

/* Begin PBXBuildFile section */
		006CBA852A0A8FD800380833 /* ScheduleViewController.swift in Sources */ = {isa = PBXBuildFile; fileRef = 006CBA842A0A8FD800380833 /* ScheduleViewController.swift */; };
		006CBA872A0A8FE400380833 /* TasksViewController.swift in Sources */ = {isa = PBXBuildFile; fileRef = 006CBA862A0A8FE400380833 /* TasksViewController.swift */; };
		006CBA892A0A8FF200380833 /* ContactsViewController.swift in Sources */ = {isa = PBXBuildFile; fileRef = 006CBA882A0A8FF200380833 /* ContactsViewController.swift */; };
		006CBA8C2A0A94AD00380833 /* FSCalendar in Frameworks */ = {isa = PBXBuildFile; productRef = 006CBA8B2A0A94AD00380833 /* FSCalendar */; };
		007A8C172A0A87CF00383ACB /* AppDelegate.swift in Sources */ = {isa = PBXBuildFile; fileRef = 007A8C162A0A87CF00383ACB /* AppDelegate.swift */; };
		007A8C192A0A87CF00383ACB /* SceneDelegate.swift in Sources */ = {isa = PBXBuildFile; fileRef = 007A8C182A0A87CF00383ACB /* SceneDelegate.swift */; };
		007A8C1B2A0A87CF00383ACB /* TabBarController.swift in Sources */ = {isa = PBXBuildFile; fileRef = 007A8C1A2A0A87CF00383ACB /* TabBarController.swift */; };
		007A8C202A0A87D000383ACB /* Assets.xcassets in Resources */ = {isa = PBXBuildFile; fileRef = 007A8C1F2A0A87D000383ACB /* Assets.xcassets */; };
		007A8C232A0A87D000383ACB /* LaunchScreen.storyboard in Resources */ = {isa = PBXBuildFile; fileRef = 007A8C212A0A87D000383ACB /* LaunchScreen.storyboard */; };
/* End PBXBuildFile section */

/* Begin PBXFileReference section */
		006CBA842A0A8FD800380833 /* ScheduleViewController.swift */ = {isa = PBXFileReference; lastKnownFileType = sourcecode.swift; path = ScheduleViewController.swift; sourceTree = "<group>"; };
		006CBA862A0A8FE400380833 /* TasksViewController.swift */ = {isa = PBXFileReference; lastKnownFileType = sourcecode.swift; path = TasksViewController.swift; sourceTree = "<group>"; };
		006CBA882A0A8FF200380833 /* ContactsViewController.swift */ = {isa = PBXFileReference; lastKnownFileType = sourcecode.swift; path = ContactsViewController.swift; sourceTree = "<group>"; };
		007A8C132A0A87CF00383ACB /* TimetableForStudy.app */ = {isa = PBXFileReference; explicitFileType = wrapper.application; includeInIndex = 0; path = TimetableForStudy.app; sourceTree = BUILT_PRODUCTS_DIR; };
		007A8C162A0A87CF00383ACB /* AppDelegate.swift */ = {isa = PBXFileReference; lastKnownFileType = sourcecode.swift; path = AppDelegate.swift; sourceTree = "<group>"; };
		007A8C182A0A87CF00383ACB /* SceneDelegate.swift */ = {isa = PBXFileReference; lastKnownFileType = sourcecode.swift; path = SceneDelegate.swift; sourceTree = "<group>"; };
		007A8C1A2A0A87CF00383ACB /* TabBarController.swift */ = {isa = PBXFileReference; lastKnownFileType = sourcecode.swift; path = TabBarController.swift; sourceTree = "<group>"; };
		007A8C1F2A0A87D000383ACB /* Assets.xcassets */ = {isa = PBXFileReference; lastKnownFileType = folder.assetcatalog; path = Assets.xcassets; sourceTree = "<group>"; };
		007A8C222A0A87D000383ACB /* Base */ = {isa = PBXFileReference; lastKnownFileType = file.storyboard; name = Base; path = Base.lproj/LaunchScreen.storyboard; sourceTree = "<group>"; };
		007A8C242A0A87D000383ACB /* Info.plist */ = {isa = PBXFileReference; lastKnownFileType = text.plist.xml; path = Info.plist; sourceTree = "<group>"; };
/* End PBXFileReference section */

/* Begin PBXFrameworksBuildPhase section */
		007A8C102A0A87CF00383ACB /* Frameworks */ = {
			isa = PBXFrameworksBuildPhase;
			buildActionMask = 2147483647;
			files = (
				006CBA8C2A0A94AD00380833 /* FSCalendar in Frameworks */,
			);
			runOnlyForDeploymentPostprocessing = 0;
		};
/* End PBXFrameworksBuildPhase section */

/* Begin PBXGroup section */
		007A8C0A2A0A87CF00383ACB = {
			isa = PBXGroup;
			children = (
				007A8C152A0A87CF00383ACB /* TimetableForStudy */,
				007A8C142A0A87CF00383ACB /* Products */,
			);
			sourceTree = "<group>";
		};
		007A8C142A0A87CF00383ACB /* Products */ = {
			isa = PBXGroup;
			children = (
				007A8C132A0A87CF00383ACB /* TimetableForStudy.app */,
			);
			name = Products;
			sourceTree = "<group>";
		};
		007A8C152A0A87CF00383ACB /* TimetableForStudy */ = {
			isa = PBXGroup;
			children = (
				007A8C2A2A0A8DE500383ACB /* Application */,
				007A8C2B2A0A8DEE00383ACB /* Controllers */,
				007A8C2C2A0A8E0B00383ACB /* Resources */,
			);
			path = TimetableForStudy;
			sourceTree = "<group>";
		};
		007A8C2A2A0A8DE500383ACB /* Application */ = {
			isa = PBXGroup;
			children = (
				007A8C162A0A87CF00383ACB /* AppDelegate.swift */,
				007A8C182A0A87CF00383ACB /* SceneDelegate.swift */,
			);
			path = Application;
			sourceTree = "<group>";
		};
		007A8C2B2A0A8DEE00383ACB /* Controllers */ = {
			isa = PBXGroup;
			children = (
				007A8C1A2A0A87CF00383ACB /* TabBarController.swift */,
				006CBA842A0A8FD800380833 /* ScheduleViewController.swift */,
				006CBA862A0A8FE400380833 /* TasksViewController.swift */,
				006CBA882A0A8FF200380833 /* ContactsViewController.swift */,
			);
			path = Controllers;
			sourceTree = "<group>";
		};
		007A8C2C2A0A8E0B00383ACB /* Resources */ = {
			isa = PBXGroup;
			children = (
				007A8C1F2A0A87D000383ACB /* Assets.xcassets */,
				007A8C212A0A87D000383ACB /* LaunchScreen.storyboard */,
				007A8C242A0A87D000383ACB /* Info.plist */,
			);
			path = Resources;
			sourceTree = "<group>";
		};
/* End PBXGroup section */

/* Begin PBXNativeTarget section */
		007A8C122A0A87CF00383ACB /* TimetableForStudy */ = {
			isa = PBXNativeTarget;
			buildConfigurationList = 007A8C272A0A87D000383ACB /* Build configuration list for PBXNativeTarget "TimetableForStudy" */;
			buildPhases = (
				007A8C0F2A0A87CF00383ACB /* Sources */,
				007A8C102A0A87CF00383ACB /* Frameworks */,
				007A8C112A0A87CF00383ACB /* Resources */,
			);
			buildRules = (
			);
			dependencies = (
			);
			name = TimetableForStudy;
			packageProductDependencies = (
				006CBA8B2A0A94AD00380833 /* FSCalendar */,
			);
			productName = TimetableForStudy;
			productReference = 007A8C132A0A87CF00383ACB /* TimetableForStudy.app */;
			productType = "com.apple.product-type.application";
		};
/* End PBXNativeTarget section */

/* Begin PBXProject section */
		007A8C0B2A0A87CF00383ACB /* Project object */ = {
			isa = PBXProject;
			attributes = {
				BuildIndependentTargetsInParallel = 1;
				LastSwiftUpdateCheck = 1420;
				LastUpgradeCheck = 1420;
				TargetAttributes = {
					007A8C122A0A87CF00383ACB = {
						CreatedOnToolsVersion = 14.2;
					};
				};
			};
			buildConfigurationList = 007A8C0E2A0A87CF00383ACB /* Build configuration list for PBXProject "TimetableForStudy" */;
			compatibilityVersion = "Xcode 14.0";
			developmentRegion = en;
			hasScannedForEncodings = 0;
			knownRegions = (
				en,
				Base,
			);
			mainGroup = 007A8C0A2A0A87CF00383ACB;
			packageReferences = (
				006CBA8A2A0A94AD00380833 /* XCRemoteSwiftPackageReference "FSCalendar" */,
			);
			productRefGroup = 007A8C142A0A87CF00383ACB /* Products */;
			projectDirPath = "";
			projectRoot = "";
			targets = (
				007A8C122A0A87CF00383ACB /* TimetableForStudy */,
			);
		};
/* End PBXProject section */

/* Begin PBXResourcesBuildPhase section */
		007A8C112A0A87CF00383ACB /* Resources */ = {
			isa = PBXResourcesBuildPhase;
			buildActionMask = 2147483647;
			files = (
				007A8C232A0A87D000383ACB /* LaunchScreen.storyboard in Resources */,
				007A8C202A0A87D000383ACB /* Assets.xcassets in Resources */,
			);
			runOnlyForDeploymentPostprocessing = 0;
		};
/* End PBXResourcesBuildPhase section */

/* Begin PBXSourcesBuildPhase section */
		007A8C0F2A0A87CF00383ACB /* Sources */ = {
			isa = PBXSourcesBuildPhase;
			buildActionMask = 2147483647;
			files = (
				007A8C1B2A0A87CF00383ACB /* TabBarController.swift in Sources */,
				007A8C172A0A87CF00383ACB /* AppDelegate.swift in Sources */,
				006CBA872A0A8FE400380833 /* TasksViewController.swift in Sources */,
				007A8C192A0A87CF00383ACB /* SceneDelegate.swift in Sources */,
				006CBA852A0A8FD800380833 /* ScheduleViewController.swift in Sources */,
				006CBA892A0A8FF200380833 /* ContactsViewController.swift in Sources */,
			);
			runOnlyForDeploymentPostprocessing = 0;
		};
/* End PBXSourcesBuildPhase section */

/* Begin PBXVariantGroup section */
		007A8C212A0A87D000383ACB /* LaunchScreen.storyboard */ = {
			isa = PBXVariantGroup;
			children = (
				007A8C222A0A87D000383ACB /* Base */,
			);
			name = LaunchScreen.storyboard;
			sourceTree = "<group>";
		};
/* End PBXVariantGroup section */

/* Begin XCBuildConfiguration section */
		007A8C252A0A87D000383ACB /* Debug */ = {
			isa = XCBuildConfiguration;
			buildSettings = {
				ALWAYS_SEARCH_USER_PATHS = NO;
				CLANG_ANALYZER_NONNULL = YES;
				CLANG_ANALYZER_NUMBER_OBJECT_CONVERSION = YES_AGGRESSIVE;
				CLANG_CXX_LANGUAGE_STANDARD = "gnu++20";
				CLANG_ENABLE_MODULES = YES;
				CLANG_ENABLE_OBJC_ARC = YES;
				CLANG_ENABLE_OBJC_WEAK = YES;
				CLANG_WARN_BLOCK_CAPTURE_AUTORELEASING = YES;
				CLANG_WARN_BOOL_CONVERSION = YES;
				CLANG_WARN_COMMA = YES;
				CLANG_WARN_CONSTANT_CONVERSION = YES;
				CLANG_WARN_DEPRECATED_OBJC_IMPLEMENTATIONS = YES;
				CLANG_WARN_DIRECT_OBJC_ISA_USAGE = YES_ERROR;
				CLANG_WARN_DOCUMENTATION_COMMENTS = YES;
				CLANG_WARN_EMPTY_BODY = YES;
				CLANG_WARN_ENUM_CONVERSION = YES;
				CLANG_WARN_INFINITE_RECURSION = YES;
				CLANG_WARN_INT_CONVERSION = YES;
				CLANG_WARN_NON_LITERAL_NULL_CONVERSION = YES;
				CLANG_WARN_OBJC_IMPLICIT_RETAIN_SELF = YES;
				CLANG_WARN_OBJC_LITERAL_CONVERSION = YES;
				CLANG_WARN_OBJC_ROOT_CLASS = YES_ERROR;
				CLANG_WARN_QUOTED_INCLUDE_IN_FRAMEWORK_HEADER = YES;
				CLANG_WARN_RANGE_LOOP_ANALYSIS = YES;
				CLANG_WARN_STRICT_PROTOTYPES = YES;
				CLANG_WARN_SUSPICIOUS_MOVE = YES;
				CLANG_WARN_UNGUARDED_AVAILABILITY = YES_AGGRESSIVE;
				CLANG_WARN_UNREACHABLE_CODE = YES;
				CLANG_WARN__DUPLICATE_METHOD_MATCH = YES;
				COPY_PHASE_STRIP = NO;
				DEBUG_INFORMATION_FORMAT = dwarf;
				ENABLE_STRICT_OBJC_MSGSEND = YES;
				ENABLE_TESTABILITY = YES;
				GCC_C_LANGUAGE_STANDARD = gnu11;
				GCC_DYNAMIC_NO_PIC = NO;
				GCC_NO_COMMON_BLOCKS = YES;
				GCC_OPTIMIZATION_LEVEL = 0;
				GCC_PREPROCESSOR_DEFINITIONS = (
					"DEBUG=1",
					"$(inherited)",
				);
				GCC_WARN_64_TO_32_BIT_CONVERSION = YES;
				GCC_WARN_ABOUT_RETURN_TYPE = YES_ERROR;
				GCC_WARN_UNDECLARED_SELECTOR = YES;
				GCC_WARN_UNINITIALIZED_AUTOS = YES_AGGRESSIVE;
				GCC_WARN_UNUSED_FUNCTION = YES;
				GCC_WARN_UNUSED_VARIABLE = YES;
				IPHONEOS_DEPLOYMENT_TARGET = 16.2;
				MTL_ENABLE_DEBUG_INFO = INCLUDE_SOURCE;
				MTL_FAST_MATH = YES;
				ONLY_ACTIVE_ARCH = YES;
				SDKROOT = iphoneos;
				SWIFT_ACTIVE_COMPILATION_CONDITIONS = DEBUG;
				SWIFT_OPTIMIZATION_LEVEL = "-Onone";
			};
			name = Debug;
		};
		007A8C262A0A87D000383ACB /* Release */ = {
			isa = XCBuildConfiguration;
			buildSettings = {
				ALWAYS_SEARCH_USER_PATHS = NO;
				CLANG_ANALYZER_NONNULL = YES;
				CLANG_ANALYZER_NUMBER_OBJECT_CONVERSION = YES_AGGRESSIVE;
				CLANG_CXX_LANGUAGE_STANDARD = "gnu++20";
				CLANG_ENABLE_MODULES = YES;
				CLANG_ENABLE_OBJC_ARC = YES;
				CLANG_ENABLE_OBJC_WEAK = YES;
				CLANG_WARN_BLOCK_CAPTURE_AUTORELEASING = YES;
				CLANG_WARN_BOOL_CONVERSION = YES;
				CLANG_WARN_COMMA = YES;
				CLANG_WARN_CONSTANT_CONVERSION = YES;
				CLANG_WARN_DEPRECATED_OBJC_IMPLEMENTATIONS = YES;
				CLANG_WARN_DIRECT_OBJC_ISA_USAGE = YES_ERROR;
				CLANG_WARN_DOCUMENTATION_COMMENTS = YES;
				CLANG_WARN_EMPTY_BODY = YES;
				CLANG_WARN_ENUM_CONVERSION = YES;
				CLANG_WARN_INFINITE_RECURSION = YES;
				CLANG_WARN_INT_CONVERSION = YES;
				CLANG_WARN_NON_LITERAL_NULL_CONVERSION = YES;
				CLANG_WARN_OBJC_IMPLICIT_RETAIN_SELF = YES;
				CLANG_WARN_OBJC_LITERAL_CONVERSION = YES;
				CLANG_WARN_OBJC_ROOT_CLASS = YES_ERROR;
				CLANG_WARN_QUOTED_INCLUDE_IN_FRAMEWORK_HEADER = YES;
				CLANG_WARN_RANGE_LOOP_ANALYSIS = YES;
				CLANG_WARN_STRICT_PROTOTYPES = YES;
				CLANG_WARN_SUSPICIOUS_MOVE = YES;
				CLANG_WARN_UNGUARDED_AVAILABILITY = YES_AGGRESSIVE;
				CLANG_WARN_UNREACHABLE_CODE = YES;
				CLANG_WARN__DUPLICATE_METHOD_MATCH = YES;
				COPY_PHASE_STRIP = NO;
				DEBUG_INFORMATION_FORMAT = "dwarf-with-dsym";
				ENABLE_NS_ASSERTIONS = NO;
				ENABLE_STRICT_OBJC_MSGSEND = YES;
				GCC_C_LANGUAGE_STANDARD = gnu11;
				GCC_NO_COMMON_BLOCKS = YES;
				GCC_WARN_64_TO_32_BIT_CONVERSION = YES;
				GCC_WARN_ABOUT_RETURN_TYPE = YES_ERROR;
				GCC_WARN_UNDECLARED_SELECTOR = YES;
				GCC_WARN_UNINITIALIZED_AUTOS = YES_AGGRESSIVE;
				GCC_WARN_UNUSED_FUNCTION = YES;
				GCC_WARN_UNUSED_VARIABLE = YES;
				IPHONEOS_DEPLOYMENT_TARGET = 16.2;
				MTL_ENABLE_DEBUG_INFO = NO;
				MTL_FAST_MATH = YES;
				SDKROOT = iphoneos;
				SWIFT_COMPILATION_MODE = wholemodule;
				SWIFT_OPTIMIZATION_LEVEL = "-O";
				VALIDATE_PRODUCT = YES;
			};
			name = Release;
		};
		007A8C282A0A87D000383ACB /* Debug */ = {
			isa = XCBuildConfiguration;
			buildSettings = {
				ASSETCATALOG_COMPILER_APPICON_NAME = AppIcon;
				ASSETCATALOG_COMPILER_GLOBAL_ACCENT_COLOR_NAME = AccentColor;
				CODE_SIGN_STYLE = Automatic;
				CURRENT_PROJECT_VERSION = 1;
				DEVELOPMENT_TEAM = W9FSXFWG34;
				GENERATE_INFOPLIST_FILE = YES;
				INFOPLIST_FILE = TimetableForStudy/Resources/Info.plist;
				INFOPLIST_KEY_UIApplicationSupportsIndirectInputEvents = YES;
				INFOPLIST_KEY_UILaunchStoryboardName = LaunchScreen;
				INFOPLIST_KEY_UISupportedInterfaceOrientations_iPad = "UIInterfaceOrientationPortrait UIInterfaceOrientationPortraitUpsideDown UIInterfaceOrientationLandscapeLeft UIInterfaceOrientationLandscapeRight";
				INFOPLIST_KEY_UISupportedInterfaceOrientations_iPhone = "UIInterfaceOrientationPortrait UIInterfaceOrientationLandscapeLeft UIInterfaceOrientationLandscapeRight";
				LD_RUNPATH_SEARCH_PATHS = (
					"$(inherited)",
					"@executable_path/Frameworks",
				);
				MARKETING_VERSION = 1.0;
				PRODUCT_BUNDLE_IDENTIFIER = com.artemorlov.TimetableForStudy;
				PRODUCT_NAME = "$(TARGET_NAME)";
				SWIFT_EMIT_LOC_STRINGS = YES;
				SWIFT_VERSION = 5.0;
				TARGETED_DEVICE_FAMILY = "1,2";
			};
			name = Debug;
		};
		007A8C292A0A87D000383ACB /* Release */ = {
			isa = XCBuildConfiguration;
			buildSettings = {
				ASSETCATALOG_COMPILER_APPICON_NAME = AppIcon;
				ASSETCATALOG_COMPILER_GLOBAL_ACCENT_COLOR_NAME = AccentColor;
				CODE_SIGN_STYLE = Automatic;
				CURRENT_PROJECT_VERSION = 1;
				DEVELOPMENT_TEAM = W9FSXFWG34;
				GENERATE_INFOPLIST_FILE = YES;
				INFOPLIST_FILE = TimetableForStudy/Resources/Info.plist;
				INFOPLIST_KEY_UIApplicationSupportsIndirectInputEvents = YES;
				INFOPLIST_KEY_UILaunchStoryboardName = LaunchScreen;
				INFOPLIST_KEY_UISupportedInterfaceOrientations_iPad = "UIInterfaceOrientationPortrait UIInterfaceOrientationPortraitUpsideDown UIInterfaceOrientationLandscapeLeft UIInterfaceOrientationLandscapeRight";
				INFOPLIST_KEY_UISupportedInterfaceOrientations_iPhone = "UIInterfaceOrientationPortrait UIInterfaceOrientationLandscapeLeft UIInterfaceOrientationLandscapeRight";
				LD_RUNPATH_SEARCH_PATHS = (
					"$(inherited)",
					"@executable_path/Frameworks",
				);
				MARKETING_VERSION = 1.0;
				PRODUCT_BUNDLE_IDENTIFIER = com.artemorlov.TimetableForStudy;
				PRODUCT_NAME = "$(TARGET_NAME)";
				SWIFT_EMIT_LOC_STRINGS = YES;
				SWIFT_VERSION = 5.0;
				TARGETED_DEVICE_FAMILY = "1,2";
			};
			name = Release;
		};
/* End XCBuildConfiguration section */

/* Begin XCConfigurationList section */
		007A8C0E2A0A87CF00383ACB /* Build configuration list for PBXProject "TimetableForStudy" */ = {
			isa = XCConfigurationList;
			buildConfigurations = (
				007A8C252A0A87D000383ACB /* Debug */,
				007A8C262A0A87D000383ACB /* Release */,
			);
			defaultConfigurationIsVisible = 0;
			defaultConfigurationName = Release;
		};
		007A8C272A0A87D000383ACB /* Build configuration list for PBXNativeTarget "TimetableForStudy" */ = {
			isa = XCConfigurationList;
			buildConfigurations = (
				007A8C282A0A87D000383ACB /* Debug */,
				007A8C292A0A87D000383ACB /* Release */,
			);
			defaultConfigurationIsVisible = 0;
			defaultConfigurationName = Release;
		};
/* End XCConfigurationList section */

/* Begin XCRemoteSwiftPackageReference section */
		006CBA8A2A0A94AD00380833 /* XCRemoteSwiftPackageReference "FSCalendar" */ = {
			isa = XCRemoteSwiftPackageReference;
			repositoryURL = "https://github.com/WenchaoD/FSCalendar.git";
			requirement = {
				kind = upToNextMajorVersion;
				minimumVersion = 2.8.3;
			};
		};
/* End XCRemoteSwiftPackageReference section */

/* Begin XCSwiftPackageProductDependency section */
		006CBA8B2A0A94AD00380833 /* FSCalendar */ = {
			isa = XCSwiftPackageProductDependency;
			package = 006CBA8A2A0A94AD00380833 /* XCRemoteSwiftPackageReference "FSCalendar" */;
			productName = FSCalendar;
		};
/* End XCSwiftPackageProductDependency section */
	};
	rootObject = 007A8C0B2A0A87CF00383ACB /* Project object */;
}
